# THIS IS AN AUTOGENERATED FILE. DO NOT EDIT THIS FILE DIRECTLY.
# yarn lockfile v1


"@angular/animations@~13.0.0":
  version "13.0.3"
  resolved "https://registry.yarnpkg.com/@angular/animations/-/animations-13.0.3.tgz#3d93f8ff2afe628aa9f6e27f992a97403ed8b6d2"
  integrity sha512-wGhUzbf8tOHwNx/8JK3RIUisunayENj1j7aSlm8yrBoawvNdgCQVESyZdtfHxHuScRSpzxSIWdMggZ4G4+DuFg==
  dependencies:
    tslib "^2.3.0"

"@angular/cdk@^13.0.0":
  version "13.3.9"
  resolved "https://registry.yarnpkg.com/@angular/cdk/-/cdk-13.3.9.tgz#a177196e872e29be3f84d3a50f778d361c689ff7"
  integrity sha512-XCuCbeuxWFyo3EYrgEYx7eHzwl76vaWcxtWXl00ka8d+WAOtMQ6Tf1D98ybYT5uwF9889fFpXAPw98mVnlo3MA==
  dependencies:
    tslib "^2.3.0"
  optionalDependencies:
    parse5 "^5.0.0"

"@angular/common@~13.0.0":
  version "13.0.3"
  resolved "https://registry.yarnpkg.com/@angular/common/-/common-13.0.3.tgz#b76b82433b765cd61c2b0fd51798eeb5c8b18640"
  integrity sha512-xxQIQD5rWWHafKRPCgvkWvy53b+QkbJ9yAf3qYTp0gXZJMg/Cx3Ylc8LA2o1kyVJxCI/amXf5k4rr1S9yU7zxw==
  dependencies:
    tslib "^2.3.0"

"@angular/compiler@~13.0.0":
  version "13.0.3"
  resolved "https://registry.yarnpkg.com/@angular/compiler/-/compiler-13.0.3.tgz#63f0cdba7158f96aeca6fd11ada17fec890bfdef"
  integrity sha512-WINfdQk6WojEhTIcNOkvhQu1yDRtq3FUx2saCZyGwS3MbzkfWUr4/x6VKJ5sAYJYnlaf9Goypau4/5lPp4+0tA==
  dependencies:
    tslib "^2.3.0"

"@angular/core@~13.0.0":
  version "13.0.3"
  resolved "https://registry.yarnpkg.com/@angular/core/-/core-13.0.3.tgz#6f789e666559a20cad3bc96251967e275b6ff15d"
  integrity sha512-w8FngZBPrLw9kHftYy824C/wSBtLKCWvGU04qI6V9BCpxedf7cyOIhOzaL+4Pz/rwgvo+0Qn2uM1ssZ2+JUdvQ==
  dependencies:
    tslib "^2.3.0"

"@angular/forms@~13.0.0":
  version "13.0.3"
  resolved "https://registry.yarnpkg.com/@angular/forms/-/forms-13.0.3.tgz#10df7cbf8a074c59aaf9616fe7f06728929efbfb"
  integrity sha512-Sxpc9kiCYi59GzKkpvpqgUejXq7P1dt3l1C5mnV3WBdNEpVBDRD63YLlNTya+w4uSMr+WEbtCys41QO8MXNIHQ==
  dependencies:
    tslib "^2.3.0"

"@angular/material@^13.0.0":
  version "13.3.9"
  resolved "https://registry.yarnpkg.com/@angular/material/-/material-13.3.9.tgz#efd8ab5800b654df01e36426391d31531e412425"
  integrity sha512-FU8lcMgo+AL8ckd27B4V097ZPoIZNRHiCe3wpgkImT1qC0YwcyXZVn0MqQTTFSdC9a/aI8wPm3AbTClJEVw5Vw==
  dependencies:
    tslib "^2.3.0"

"@angular/platform-browser-dynamic@~13.0.0":
  version "13.0.3"
  resolved "https://registry.yarnpkg.com/@angular/platform-browser-dynamic/-/platform-browser-dynamic-13.0.3.tgz#b0aae69b1095c11186e0571bb78b5bafd27437ec"
  integrity sha512-+s2o7M/WzRaytjDt6LPqZQ2mmVFpOQBbfiXmq4OwnETc2d6dIpWJzfs00MCAVhu1tR1btzsA3Qa6lA1YqULHrg==
  dependencies:
    tslib "^2.3.0"

"@angular/platform-browser@~13.0.0":
  version "13.0.3"
  resolved "https://registry.yarnpkg.com/@angular/platform-browser/-/platform-browser-13.0.3.tgz#3de0dea2793851493be868c7e7081f084517a6ce"
  integrity sha512-XCeCnsD997Erl4XGNFHIqC9cTkO9uSHdaoDvLuNMsF2kr5V1GOeFkh71CYNmCsWrTj4PFqx9q+ziGgvxM4eeOQ==
  dependencies:
    tslib "^2.3.0"

"@angular/router@~13.0.0":
  version "13.0.3"
  resolved "https://registry.yarnpkg.com/@angular/router/-/router-13.0.3.tgz#776781f844492bcb29c3c3c19d3eed3801353771"
  integrity sha512-NNDrSK32mpkuQiY6CzAjRBvWSiLM+61dC3EOfBUDIyPzIp318fhqZ5ohxY42Fvp07KGnRv5tcqb/1QE8Ukwbyg==
  dependencies:
    tslib "^2.3.0"

parse5@^5.0.0:
  version "5.1.1"
  resolved "https://registry.yarnpkg.com/parse5/-/parse5-5.1.1.tgz#f68e4e5ba1852ac2cadc00f4555fff6c2abb6178"
  integrity sha512-ugq4DFI0Ptb+WWjAdOK16+u/nHfiIrcE+sh8kZMaM0WllQKLI9rOUq6c2b7cwPkXdzfQESqvoqK6ug7U/Yyzug==

rxjs@~7.4.0:
  version "7.4.0"
  resolved "https://registry.yarnpkg.com/rxjs/-/rxjs-7.4.0.tgz#a12a44d7eebf016f5ff2441b87f28c9a51cebc68"
  integrity sha512-7SQDi7xeTMCJpqViXh8gL/lebcwlp3d831F05+9B44A4B0WfsEwUQHR64gsH1kvJ+Ep/J9K2+n1hVl1CsGN23w==
  dependencies:
    tslib "~2.1.0"

tslib@^2.3.0:
  version "2.7.0"
  resolved "https://registry.yarnpkg.com/tslib/-/tslib-2.7.0.tgz#d9b40c5c40ab59e8738f297df3087bf1a2690c01"
  integrity sha512-gLXCKdN1/j47AiHiOkJN69hJmcbGTHI0ImLmbYLHykhgeN0jVGola9yVjFgzCUklsZQMW55o+dW7IXv3RCXDzA==

tslib@~2.1.0:
  version "2.1.0"
  resolved "https://registry.yarnpkg.com/tslib/-/tslib-2.1.0.tgz#da60860f1c2ecaa5703ab7d39bc05b6bf988b97a"
  integrity sha512-hcVC3wYEziELGGmEEXue7D75zbwIIVUMWAVbHItGPx0ziyXxrOMQx4rQEVEV45Ut/1IotuEvwqPopzIOkDMf0A==
